
Microsoft Visual Studio Solution File, Format Version 12.00
# Visual Studio Version 17
VisualStudioVersion = 17.3.32901.215
MinimumVisualStudioVersion = 10.0.40219.1
Project("{FAE04EC0-301F-11D3-BF4B-00C04F79EFBC}") = "P5_4_1214074", "P5_4_1214074\P5_4_1214074.csproj", "{6DA11D0D-846F-4791-9D4A-F016CC890C7A}"
EndProject
Global
	GlobalSection(SolutionConfigurationPlatforms) = preSolution
		Debug|Any CPU = Debug|Any CPU
		Release|Any CPU = Release|Any CPU
	EndGlobalSection
	GlobalSection(ProjectConfigurationPlatforms) = postSolution
		{6DA11D0D-846F-4791-9D4A-F016CC890C7A}.Debug|Any CPU.ActiveCfg = Debug|Any CPU
		{6DA11D0D-846F-4791-9D4A-F016CC890C7A}.Debug|Any CPU.Build.0 = Debug|Any CPU
		{6DA11D0D-846F-4791-9D4A-F016CC890C7A}.Release|Any CPU.ActiveCfg = Release|Any CPU
		{6DA11D0D-846F-4791-9D4A-F016CC890C7A}.Release|Any CPU.Build.0 = Release|Any CPU
	EndGlobalSection
	GlobalSection(SolutionProperties) = preSolution
		HideSolutionNode = FALSE
	EndGlobalSection
	GlobalSection(ExtensibilityGlobals) = postSolution
		SolutionGuid = {6B833E61-BF8D-4F9A-9E28-49E125D9E636}
	EndGlobalSection
EndGlobal
